
Microsoft Visual Studio Solution File, Format Version 12.00
# Visual Studio Version 17
VisualStudioVersion = 17.5.33502.453
MinimumVisualStudioVersion = 10.0.40219.1
Project("{FAE04EC0-301F-11D3-BF4B-00C04F79EFBC}") = "Dotnet6TestApplication", "Dotnet6TestApplication.csproj", "{D2A7B8E2-67C4-4965-82AD-4C4A28D659C1}"
EndProject
Global
	GlobalSection(SolutionConfigurationPlatforms) = preSolution
		Debug|Any CPU = Debug|Any CPU
		Release|Any CPU = Release|Any CPU
	EndGlobalSection
	GlobalSection(ProjectConfigurationPlatforms) = postSolution
		{D2A7B8E2-67C4-4965-82AD-4C4A28D659C1}.Debug|Any CPU.ActiveCfg = Debug|Any CPU
		{D2A7B8E2-67C4-4965-82AD-4C4A28D659C1}.Debug|Any CPU.Build.0 = Debug|Any CPU
		{D2A7B8E2-67C4-4965-82AD-4C4A28D659C1}.Release|Any CPU.ActiveCfg = Release|Any CPU
		{D2A7B8E2-67C4-4965-82AD-4C4A28D659C1}.Release|Any CPU.Build.0 = Release|Any CPU
	EndGlobalSection
	GlobalSection(SolutionProperties) = preSolution
		HideSolutionNode = FALSE
	EndGlobalSection
	GlobalSection(ExtensibilityGlobals) = postSolution
		SolutionGuid = {837DEEB0-F607-4396-B519-16880371DE45}
	EndGlobalSection
EndGlobal
